
Microsoft Visual Studio Solution File, Format Version 12.00
# Visual Studio Version 17
VisualStudioVersion = 17.14.36414.22 d17.14
MinimumVisualStudioVersion = 10.0.40219.1
Project("{FAE04EC0-301F-11D3-BF4B-00C04F79EFBC}") = "class", "class.csproj", "{399C20AF-9504-4A43-850F-79FA7C457E2F}"
EndProject
Global
	GlobalSection(SolutionConfigurationPlatforms) = preSolution
		Debug|Any CPU = Debug|Any CPU
		Release|Any CPU = Release|Any CPU
	EndGlobalSection
	GlobalSection(ProjectConfigurationPlatforms) = postSolution
		{399C20AF-9504-4A43-850F-79FA7C457E2F}.Debug|Any CPU.ActiveCfg = Debug|Any CPU
		{399C20AF-9504-4A43-850F-79FA7C457E2F}.Debug|Any CPU.Build.0 = Debug|Any CPU
		{399C20AF-9504-4A43-850F-79FA7C457E2F}.Release|Any CPU.ActiveCfg = Release|Any CPU
		{399C20AF-9504-4A43-850F-79FA7C457E2F}.Release|Any CPU.Build.0 = Release|Any CPU
	EndGlobalSection
	GlobalSection(SolutionProperties) = preSolution
		HideSolutionNode = FALSE
	EndGlobalSection
	GlobalSection(ExtensibilityGlobals) = postSolution
		SolutionGuid = {CC5F1C37-538B-4DB0-9492-BF43C094A065}
	EndGlobalSection
EndGlobal
